// !$*UTF8*$!
{
	archiveVersion = 1;
	classes = {
	};
	objectVersion = 50;
	objects = {

/* Begin PBXBuildFile section */
		3CCB1DE521264D120090D3EB /* AppDelegate.swift in Sources */ = {isa = PBXBuildFile; fileRef = 3CCB1DE421264D120090D3EB /* AppDelegate.swift */; };
		3CCB1DE721264D120090D3EB /* ViewController.swift in Sources */ = {isa = PBXBuildFile; fileRef = 3CCB1DE621264D120090D3EB /* ViewController.swift */; };
		3CCB1DEA21264D120090D3EB /* Main.storyboard in Resources */ = {isa = PBXBuildFile; fileRef = 3CCB1DE821264D120090D3EB /* Main.storyboard */; };
		3CCB1DEC21264D130090D3EB /* Assets.xcassets in Resources */ = {isa = PBXBuildFile; fileRef = 3CCB1DEB21264D130090D3EB /* Assets.xcassets */; };
		3CCB1DEF21264D130090D3EB /* LaunchScreen.storyboard in Resources */ = {isa = PBXBuildFile; fileRef = 3CCB1DED21264D130090D3EB /* LaunchScreen.storyboard */; };
		3CCB1DFA21264D130090D3EB /* TipperTests.swift in Sources */ = {isa = PBXBuildFile; fileRef = 3CCB1DF921264D130090D3EB /* TipperTests.swift */; };
		3CCB1E0521264D130090D3EB /* TipperUITests.swift in Sources */ = {isa = PBXBuildFile; fileRef = 3CCB1E0421264D130090D3EB /* TipperUITests.swift */; };
/* End PBXBuildFile section */

/* Begin PBXContainerItemProxy section */
		3CCB1DF621264D130090D3EB /* PBXContainerItemProxy */ = {
			isa = PBXContainerItemProxy;
			containerPortal = 3CCB1DD921264D110090D3EB /* Project object */;
			proxyType = 1;
			remoteGlobalIDString = 3CCB1DE021264D110090D3EB;
			remoteInfo = Tipper;
		};
		3CCB1E0121264D130090D3EB /* PBXContainerItemProxy */ = {
			isa = PBXContainerItemProxy;
			containerPortal = 3CCB1DD921264D110090D3EB /* Project object */;
			proxyType = 1;
			remoteGlobalIDString = 3CCB1DE021264D110090D3EB;
			remoteInfo = Tipper;
		};
/* End PBXContainerItemProxy section */

/* Begin PBXFileReference section */
		3CCB1DE121264D110090D3EB /* Tipper.app */ = {isa = PBXFileReference; explicitFileType = wrapper.application; includeInIndex = 0; path = Tipper.app; sourceTree = BUILT_PRODUCTS_DIR; };
		3CCB1DE421264D120090D3EB /* AppDelegate.swift */ = {isa = PBXFileReference; lastKnownFileType = sourcecode.swift; path = AppDelegate.swift; sourceTree = "<group>"; };
		3CCB1DE621264D120090D3EB /* ViewController.swift */ = {isa = PBXFileReference; lastKnownFileType = sourcecode.swift; path = ViewController.swift; sourceTree = "<group>"; };
		3CCB1DE921264D120090D3EB /* Base */ = {isa = PBXFileReference; lastKnownFileType = file.storyboard; name = Base; path = Base.lproj/Main.storyboard; sourceTree = "<group>"; };
		3CCB1DEB21264D130090D3EB /* Assets.xcassets */ = {isa = PBXFileReference; lastKnownFileType = folder.assetcatalog; path = Assets.xcassets; sourceTree = "<group>"; };
		3CCB1DEE21264D130090D3EB /* Base */ = {isa = PBXFileReference; lastKnownFileType = file.storyboard; name = Base; path = Base.lproj/LaunchScreen.storyboard; sourceTree = "<group>"; };
		3CCB1DF021264D130090D3EB /* Info.plist */ = {isa = PBXFileReference; lastKnownFileType = text.plist.xml; path = Info.plist; sourceTree = "<group>"; };
		3CCB1DF521264D130090D3EB /* TipperTests.xctest */ = {isa = PBXFileReference; explicitFileType = wrapper.cfbundle; includeInIndex = 0; path = TipperTests.xctest; sourceTree = BUILT_PRODUCTS_DIR; };
		3CCB1DF921264D130090D3EB /* TipperTests.swift */ = {isa = PBXFileReference; lastKnownFileType = sourcecode.swift; path = TipperTests.swift; sourceTree = "<group>"; };
		3CCB1DFB21264D130090D3EB /* Info.plist */ = {isa = PBXFileReference; lastKnownFileType = text.plist.xml; path = Info.plist; sourceTree = "<group>"; };
		3CCB1E0021264D130090D3EB /* TipperUITests.xctest */ = {isa = PBXFileReference; explicitFileType = wrapper.cfbundle; includeInIndex = 0; path = TipperUITests.xctest; sourceTree = BUILT_PRODUCTS_DIR; };
		3CCB1E0421264D130090D3EB /* TipperUITests.swift */ = {isa = PBXFileReference; lastKnownFileType = sourcecode.swift; path = TipperUITests.swift; sourceTree = "<group>"; };
		3CCB1E0621264D130090D3EB /* Info.plist */ = {isa = PBXFileReference; lastKnownFileType = text.plist.xml; path = Info.plist; sourceTree = "<group>"; };
/* End PBXFileReference section */

/* Begin PBXFrameworksBuildPhase section */
		3CCB1DDE21264D110090D3EB /* Frameworks */ = {
			isa = PBXFrameworksBuildPhase;
			buildActionMask = 2147483647;
			files = (
			);
			runOnlyForDeploymentPostprocessing = 0;
		};
		3CCB1DF221264D130090D3EB /* Frameworks */ = {
			isa = PBXFrameworksBuildPhase;
			buildActionMask = 2147483647;
			files = (
			);
			runOnlyForDeploymentPostprocessing = 0;
		};
		3CCB1DFD21264D130090D3EB /* Frameworks */ = {
			isa = PBXFrameworksBuildPhase;
			buildActionMask = 2147483647;
			files = (
			);
			runOnlyForDeploymentPostprocessing = 0;
		};
/* End PBXFrameworksBuildPhase section */

/* Begin PBXGroup section */
		3CCB1DD821264D110090D3EB = {
			isa = PBXGroup;
			children = (
				3CCB1DE321264D110090D3EB /* Tipper */,
				3CCB1DF821264D130090D3EB /* TipperTests */,
				3CCB1E0321264D130090D3EB /* TipperUITests */,
				3CCB1DE221264D110090D3EB /* Products */,
			);
			sourceTree = "<group>";
		};
		3CCB1DE221264D110090D3EB /* Products */ = {
			isa = PBXGroup;
			children = (
				3CCB1DE121264D110090D3EB /* Tipper.app */,
				3CCB1DF521264D130090D3EB /* TipperTests.xctest */,
				3CCB1E0021264D130090D3EB /* TipperUITests.xctest */,
			);
			name = Products;
			sourceTree = "<group>";
		};
		3CCB1DE321264D110090D3EB /* Tipper */ = {
			isa = PBXGroup;
			children = (
				3CCB1DE421264D120090D3EB /* AppDelegate.swift */,
				3CCB1DE621264D120090D3EB /* ViewController.swift */,
				3CCB1DE821264D120090D3EB /* Main.storyboard */,
				3CCB1DEB21264D130090D3EB /* Assets.xcassets */,
				3CCB1DED21264D130090D3EB /* LaunchScreen.storyboard */,
				3CCB1DF021264D130090D3EB /* Info.plist */,
			);
			path = Tipper;
			sourceTree = "<group>";
		};
		3CCB1DF821264D130090D3EB /* TipperTests */ = {
			isa = PBXGroup;
			children = (
				3CCB1DF921264D130090D3EB /* TipperTests.swift */,
				3CCB1DFB21264D130090D3EB /* Info.plist */,
			);
			path = TipperTests;
			sourceTree = "<group>";
		};
		3CCB1E0321264D130090D3EB /* TipperUITests */ = {
			isa = PBXGroup;
			children = (
				3CCB1E0421264D130090D3EB /* TipperUITests.swift */,
				3CCB1E0621264D130090D3EB /* Info.plist */,
			);
			path = TipperUITests;
			sourceTree = "<group>";
		};
/* End PBXGroup section */

/* Begin PBXNativeTarget section */
		3CCB1DE021264D110090D3EB /* Tipper */ = {
			isa = PBXNativeTarget;
			buildConfigurationList = 3CCB1E0921264D130090D3EB /* Build configuration list for PBXNativeTarget "Tipper" */;
			buildPhases = (
				3CCB1DDD21264D110090D3EB /* Sources */,
				3CCB1DDE21264D110090D3EB /* Frameworks */,
				3CCB1DDF21264D110090D3EB /* Resources */,
			);
			buildRules = (
			);
			dependencies = (
			);
			name = Tipper;
			productName = Tipper;
			productReference = 3CCB1DE121264D110090D3EB /* Tipper.app */;
			productType = "com.apple.product-type.application";
		};
		3CCB1DF421264D130090D3EB /* TipperTests */ = {
			isa = PBXNativeTarget;
			buildConfigurationList = 3CCB1E0C21264D130090D3EB /* Build configuration list for PBXNativeTarget "TipperTests" */;
			buildPhases = (
				3CCB1DF121264D130090D3EB /* Sources */,
				3CCB1DF221264D130090D3EB /* Frameworks */,
				3CCB1DF321264D130090D3EB /* Resources */,
			);
			buildRules = (
			);
			dependencies = (
				3CCB1DF721264D130090D3EB /* PBXTargetDependency */,
			);
			name = TipperTests;
			productName = TipperTests;
			productReference = 3CCB1DF521264D130090D3EB /* TipperTests.xctest */;
			productType = "com.apple.product-type.bundle.unit-test";
		};
		3CCB1DFF21264D130090D3EB /* TipperUITests */ = {
			isa = PBXNativeTarget;
			buildConfigurationList = 3CCB1E0F21264D130090D3EB /* Build configuration list for PBXNativeTarget "TipperUITests" */;
			buildPhases = (
				3CCB1DFC21264D130090D3EB /* Sources */,
				3CCB1DFD21264D130090D3EB /* Frameworks */,
				3CCB1DFE21264D130090D3EB /* Resources */,
			);
			buildRules = (
			);
			dependencies = (
				3CCB1E0221264D130090D3EB /* PBXTargetDependency */,
			);
			name = TipperUITests;
			productName = TipperUITests;
			productReference = 3CCB1E0021264D130090D3EB /* TipperUITests.xctest */;
			productType = "com.apple.product-type.bundle.ui-testing";
		};
/* End PBXNativeTarget section */

/* Begin PBXProject section */
		3CCB1DD921264D110090D3EB /* Project object */ = {
			isa = PBXProject;
			attributes = {
				LastSwiftUpdateCheck = 0940;
				LastUpgradeCheck = 0940;
				ORGANIZATIONNAME = "Donie Ypon";
				TargetAttributes = {
					3CCB1DE021264D110090D3EB = {
						CreatedOnToolsVersion = 9.4;
					};
					3CCB1DF421264D130090D3EB = {
						CreatedOnToolsVersion = 9.4;
						TestTargetID = 3CCB1DE021264D110090D3EB;
					};
					3CCB1DFF21264D130090D3EB = {
						CreatedOnToolsVersion = 9.4;
						TestTargetID = 3CCB1DE021264D110090D3EB;
					};
				};
			};
			buildConfigurationList = 3CCB1DDC21264D110090D3EB /* Build configuration list for PBXProject "Tipper" */;
			compatibilityVersion = "Xcode 9.3";
			developmentRegion = en;
			hasScannedForEncodings = 0;
			knownRegions = (
				en,
				Base,
			);
			mainGroup = 3CCB1DD821264D110090D3EB;
			productRefGroup = 3CCB1DE221264D110090D3EB /* Products */;
			projectDirPath = "";
			projectRoot = "";
			targets = (
				3CCB1DE021264D110090D3EB /* Tipper */,
				3CCB1DF421264D130090D3EB /* TipperTests */,
				3CCB1DFF21264D130090D3EB /* TipperUITests */,
			);
		};
/* End PBXProject section */

/* Begin PBXResourcesBuildPhase section */
		3CCB1DDF21264D110090D3EB /* Resources */ = {
			isa = PBXResourcesBuildPhase;
			buildActionMask = 2147483647;
			files = (
				3CCB1DEF21264D130090D3EB /* LaunchScreen.storyboard in Resources */,
				3CCB1DEC21264D130090D3EB /* Assets.xcassets in Resources */,
				3CCB1DEA21264D120090D3EB /* Main.storyboard in Resources */,
			);
			runOnlyForDeploymentPostprocessing = 0;
		};
		3CCB1DF321264D130090D3EB /* Resources */ = {
			isa = PBXResourcesBuildPhase;
			buildActionMask = 2147483647;
			files = (
			);
			runOnlyForDeploymentPostprocessing = 0;
		};
		3CCB1DFE21264D130090D3EB /* Resources */ = {
			isa = PBXResourcesBuildPhase;
			buildActionMask = 2147483647;
			files = (
			);
			runOnlyForDeploymentPostprocessing = 0;
		};
/* End PBXResourcesBuildPhase section */

/* Begin PBXSourcesBuildPhase section */
		3CCB1DDD21264D110090D3EB /* Sources */ = {
			isa = PBXSourcesBuildPhase;
			buildActionMask = 2147483647;
			files = (
				3CCB1DE721264D120090D3EB /* ViewController.swift in Sources */,
				3CCB1DE521264D120090D3EB /* AppDelegate.swift in Sources */,
			);
			runOnlyForDeploymentPostprocessing = 0;
		};
		3CCB1DF121264D130090D3EB /* Sources */ = {
			isa = PBXSourcesBuildPhase;
			buildActionMask = 2147483647;
			files = (
				3CCB1DFA21264D130090D3EB /* TipperTests.swift in Sources */,
			);
			runOnlyForDeploymentPostprocessing = 0;
		};
		3CCB1DFC21264D130090D3EB /* Sources */ = {
			isa = PBXSourcesBuildPhase;
			buildActionMask = 2147483647;
			files = (
				3CCB1E0521264D130090D3EB /* TipperUITests.swift in Sources */,
			);
			runOnlyForDeploymentPostprocessing = 0;
		};
/* End PBXSourcesBuildPhase section */

/* Begin PBXTargetDependency section */
		3CCB1DF721264D130090D3EB /* PBXTargetDependency */ = {
			isa = PBXTargetDependency;
			target = 3CCB1DE021264D110090D3EB /* Tipper */;
			targetProxy = 3CCB1DF621264D130090D3EB /* PBXContainerItemProxy */;
		};
		3CCB1E0221264D130090D3EB /* PBXTargetDependency */ = {
			isa = PBXTargetDependency;
			target = 3CCB1DE021264D110090D3EB /* Tipper */;
			targetProxy = 3CCB1E0121264D130090D3EB /* PBXContainerItemProxy */;
		};
/* End PBXTargetDependency section */

/* Begin PBXVariantGroup section */
		3CCB1DE821264D120090D3EB /* Main.storyboard */ = {
			isa = PBXVariantGroup;
			children = (
				3CCB1DE921264D120090D3EB /* Base */,
			);
			name = Main.storyboard;
			sourceTree = "<group>";
		};
		3CCB1DED21264D130090D3EB /* LaunchScreen.storyboard */ = {
			isa = PBXVariantGroup;
			children = (
				3CCB1DEE21264D130090D3EB /* Base */,
			);
			name = LaunchScreen.storyboard;
			sourceTree = "<group>";
		};
/* End PBXVariantGroup section */

/* Begin XCBuildConfiguration section */
		3CCB1E0721264D130090D3EB /* Debug */ = {
			isa = XCBuildConfiguration;
			buildSettings = {
				ALWAYS_SEARCH_USER_PATHS = NO;
				CLANG_ANALYZER_NONNULL = YES;
				CLANG_ANALYZER_NUMBER_OBJECT_CONVERSION = YES_AGGRESSIVE;
				CLANG_CXX_LANGUAGE_STANDARD = "gnu++14";
				CLANG_CXX_LIBRARY = "libc++";
				CLANG_ENABLE_MODULES = YES;
				CLANG_ENABLE_OBJC_ARC = YES;
				CLANG_ENABLE_OBJC_WEAK = YES;
				CLANG_WARN_BLOCK_CAPTURE_AUTORELEASING = YES;
				CLANG_WARN_BOOL_CONVERSION = YES;
				CLANG_WARN_COMMA = YES;
				CLANG_WARN_CONSTANT_CONVERSION = YES;
				CLANG_WARN_DEPRECATED_OBJC_IMPLEMENTATIONS = YES;
				CLANG_WARN_DIRECT_OBJC_ISA_USAGE = YES_ERROR;
				CLANG_WARN_DOCUMENTATION_COMMENTS = YES;
				CLANG_WARN_EMPTY_BODY = YES;
				CLANG_WARN_ENUM_CONVERSION = YES;
				CLANG_WARN_INFINITE_RECURSION = YES;
				CLANG_WARN_INT_CONVERSION = YES;
				CLANG_WARN_NON_LITERAL_NULL_CONVERSION = YES;
				CLANG_WARN_OBJC_IMPLICIT_RETAIN_SELF = YES;
				CLANG_WARN_OBJC_LITERAL_CONVERSION = YES;
				CLANG_WARN_OBJC_ROOT_CLASS = YES_ERROR;
				CLANG_WARN_RANGE_LOOP_ANALYSIS = YES;
				CLANG_WARN_STRICT_PROTOTYPES = YES;
				CLANG_WARN_SUSPICIOUS_MOVE = YES;
				CLANG_WARN_UNGUARDED_AVAILABILITY = YES_AGGRESSIVE;
				CLANG_WARN_UNREACHABLE_CODE = YES;
				CLANG_WARN__DUPLICATE_METHOD_MATCH = YES;
				CODE_SIGN_IDENTITY = "iPhone Developer";
				COPY_PHASE_STRIP = NO;
				DEBUG_INFORMATION_FORMAT = dwarf;
				ENABLE_STRICT_OBJC_MSGSEND = YES;
				ENABLE_TESTABILITY = YES;
				GCC_C_LANGUAGE_STANDARD = gnu11;
				GCC_DYNAMIC_NO_PIC = NO;
				GCC_NO_COMMON_BLOCKS = YES;
				GCC_OPTIMIZATION_LEVEL = 0;
				GCC_PREPROCESSOR_DEFINITIONS = (
					"DEBUG=1",
					"$(inherited)",
				);
				GCC_WARN_64_TO_32_BIT_CONVERSION = YES;
				GCC_WARN_ABOUT_RETURN_TYPE = YES_ERROR;
				GCC_WARN_UNDECLARED_SELECTOR = YES;
				GCC_WARN_UNINITIALIZED_AUTOS = YES_AGGRESSIVE;
				GCC_WARN_UNUSED_FUNCTION = YES;
				GCC_WARN_UNUSED_VARIABLE = YES;
				IPHONEOS_DEPLOYMENT_TARGET = 11.4;
				MTL_ENABLE_DEBUG_INFO = YES;
				ONLY_ACTIVE_ARCH = YES;
				SDKROOT = iphoneos;
				SWIFT_ACTIVE_COMPILATION_CONDITIONS = DEBUG;
				SWIFT_OPTIMIZATION_LEVEL = "-Onone";
			};
			name = Debug;
		};
		3CCB1E0821264D130090D3EB /* Release */ = {
			isa = XCBuildConfiguration;
			buildSettings = {
				ALWAYS_SEARCH_USER_PATHS = NO;
				CLANG_ANALYZER_NONNULL = YES;
				CLANG_ANALYZER_NUMBER_OBJECT_CONVERSION = YES_AGGRESSIVE;
				CLANG_CXX_LANGUAGE_STANDARD = "gnu++14";
				CLANG_CXX_LIBRARY = "libc++";
				CLANG_ENABLE_MODULES = YES;
				CLANG_ENABLE_OBJC_ARC = YES;
				CLANG_ENABLE_OBJC_WEAK = YES;
				CLANG_WARN_BLOCK_CAPTURE_AUTORELEASING = YES;
				CLANG_WARN_BOOL_CONVERSION = YES;
				CLANG_WARN_COMMA = YES;
				CLANG_WARN_CONSTANT_CONVERSION = YES;
				CLANG_WARN_DEPRECATED_OBJC_IMPLEMENTATIONS = YES;
				CLANG_WARN_DIRECT_OBJC_ISA_USAGE = YES_ERROR;
				CLANG_WARN_DOCUMENTATION_COMMENTS = YES;
				CLANG_WARN_EMPTY_BODY = YES;
				CLANG_WARN_ENUM_CONVERSION = YES;
				CLANG_WARN_INFINITE_RECURSION = YES;
				CLANG_WARN_INT_CONVERSION = YES;
				CLANG_WARN_NON_LITERAL_NULL_CONVERSION = YES;
				CLANG_WARN_OBJC_IMPLICIT_RETAIN_SELF = YES;
				CLANG_WARN_OBJC_LITERAL_CONVERSION = YES;
				CLANG_WARN_OBJC_ROOT_CLASS = YES_ERROR;
				CLANG_WARN_RANGE_LOOP_ANALYSIS = YES;
				CLANG_WARN_STRICT_PROTOTYPES = YES;
				CLANG_WARN_SUSPICIOUS_MOVE = YES;
				CLANG_WARN_UNGUARDED_AVAILABILITY = YES_AGGRESSIVE;
				CLANG_WARN_UNREACHABLE_CODE = YES;
				CLANG_WARN__DUPLICATE_METHOD_MATCH = YES;
				CODE_SIGN_IDENTITY = "iPhone Developer";
				COPY_PHASE_STRIP = NO;
				DEBUG_INFORMATION_FORMAT = "dwarf-with-dsym";
				ENABLE_NS_ASSERTIONS = NO;
				ENABLE_STRICT_OBJC_MSGSEND = YES;
				GCC_C_LANGUAGE_STANDARD = gnu11;
				GCC_NO_COMMON_BLOCKS = YES;
				GCC_WARN_64_TO_32_BIT_CONVERSION = YES;
				GCC_WARN_ABOUT_RETURN_TYPE = YES_ERROR;
				GCC_WARN_UNDECLARED_SELECTOR = YES;
				GCC_WARN_UNINITIALIZED_AUTOS = YES_AGGRESSIVE;
				GCC_WARN_UNUSED_FUNCTION = YES;
				GCC_WARN_UNUSED_VARIABLE = YES;
				IPHONEOS_DEPLOYMENT_TARGET = 11.4;
				MTL_ENABLE_DEBUG_INFO = NO;
				SDKROOT = iphoneos;
				SWIFT_COMPILATION_MODE = wholemodule;
				SWIFT_OPTIMIZATION_LEVEL = "-O";
				VALIDATE_PRODUCT = YES;
			};
			name = Release;
		};
		3CCB1E0A21264D130090D3EB /* Debug */ = {
			isa = XCBuildConfiguration;
			buildSettings = {
				ASSETCATALOG_COMPILER_APPICON_NAME = AppIcon;
				CODE_SIGN_STYLE = Automatic;
				INFOPLIST_FILE = Tipper/Info.plist;
				LD_RUNPATH_SEARCH_PATHS = (
					"$(inherited)",
					"@executable_path/Frameworks",
				);
				PRODUCT_BUNDLE_IDENTIFIER = donie.Tipper;
				PRODUCT_NAME = "$(TARGET_NAME)";
				SWIFT_VERSION = 4.0;
				TARGETED_DEVICE_FAMILY = "1,2";
			};
			name = Debug;
		};
		3CCB1E0B21264D130090D3EB /* Release */ = {
			isa = XCBuildConfiguration;
			buildSettings = {
				ASSETCATALOG_COMPILER_APPICON_NAME = AppIcon;
				CODE_SIGN_STYLE = Automatic;
				INFOPLIST_FILE = Tipper/Info.plist;
				LD_RUNPATH_SEARCH_PATHS = (
					"$(inherited)",
					"@executable_path/Frameworks",
				);
				PRODUCT_BUNDLE_IDENTIFIER = donie.Tipper;
				PRODUCT_NAME = "$(TARGET_NAME)";
				SWIFT_VERSION = 4.0;
				TARGETED_DEVICE_FAMILY = "1,2";
			};
			name = Release;
		};
		3CCB1E0D21264D130090D3EB /* Debug */ = {
			isa = XCBuildConfiguration;
			buildSettings = {
				ALWAYS_EMBED_SWIFT_STANDARD_LIBRARIES = YES;
				BUNDLE_LOADER = "$(TEST_HOST)";
				CODE_SIGN_STYLE = Automatic;
				INFOPLIST_FILE = TipperTests/Info.plist;
				LD_RUNPATH_SEARCH_PATHS = (
					"$(inherited)",
					"@executable_path/Frameworks",
					"@loader_path/Frameworks",
				);
				PRODUCT_BUNDLE_IDENTIFIER = donie.TipperTests;
				PRODUCT_NAME = "$(TARGET_NAME)";
				SWIFT_VERSION = 4.0;
				TARGETED_DEVICE_FAMILY = "1,2";
				TEST_HOST = "$(BUILT_PRODUCTS_DIR)/Tipper.app/Tipper";
			};
			name = Debug;
		};
		3CCB1E0E21264D130090D3EB /* Release */ = {
			isa = XCBuildConfiguration;
			buildSettings = {
				ALWAYS_EMBED_SWIFT_STANDARD_LIBRARIES = YES;
				BUNDLE_LOADER = "$(TEST_HOST)";
				CODE_SIGN_STYLE = Automatic;
				INFOPLIST_FILE = TipperTests/Info.plist;
				LD_RUNPATH_SEARCH_PATHS = (
					"$(inherited)",
					"@executable_path/Frameworks",
					"@loader_path/Frameworks",
				);
				PRODUCT_BUNDLE_IDENTIFIER = donie.TipperTests;
				PRODUCT_NAME = "$(TARGET_NAME)";
				SWIFT_VERSION = 4.0;
				TARGETED_DEVICE_FAMILY = "1,2";
				TEST_HOST = "$(BUILT_PRODUCTS_DIR)/Tipper.app/Tipper";
			};
			name = Release;
		};
		3CCB1E1021264D130090D3EB /* Debug */ = {
			isa = XCBuildConfiguration;
			buildSettings = {
				ALWAYS_EMBED_SWIFT_STANDARD_LIBRARIES = YES;
				CODE_SIGN_STYLE = Automatic;
				INFOPLIST_FILE = TipperUITests/Info.plist;
				LD_RUNPATH_SEARCH_PATHS = (
					"$(inherited)",
					"@executable_path/Frameworks",
					"@loader_path/Frameworks",
				);
				PRODUCT_BUNDLE_IDENTIFIER = donie.TipperUITests;
				PRODUCT_NAME = "$(TARGET_NAME)";
				SWIFT_VERSION = 4.0;
				TARGETED_DEVICE_FAMILY = "1,2";
				TEST_TARGET_NAME = Tipper;
			};
			name = Debug;
		};
		3CCB1E1121264D130090D3EB /* Release */ = {
			isa = XCBuildConfiguration;
			buildSettings = {
				ALWAYS_EMBED_SWIFT_STANDARD_LIBRARIES = YES;
				CODE_SIGN_STYLE = Automatic;
				INFOPLIST_FILE = TipperUITests/Info.plist;
				LD_RUNPATH_SEARCH_PATHS = (
					"$(inherited)",
					"@executable_path/Frameworks",
					"@loader_path/Frameworks",
				);
				PRODUCT_BUNDLE_IDENTIFIER = donie.TipperUITests;
				PRODUCT_NAME = "$(TARGET_NAME)";
				SWIFT_VERSION = 4.0;
				TARGETED_DEVICE_FAMILY = "1,2";
				TEST_TARGET_NAME = Tipper;
			};
			name = Release;
		};
/* End XCBuildConfiguration section */

/* Begin XCConfigurationList section */
		3CCB1DDC21264D110090D3EB /* Build configuration list for PBXProject "Tipper" */ = {
			isa = XCConfigurationList;
			buildConfigurations = (
				3CCB1E0721264D130090D3EB /* Debug */,
				3CCB1E0821264D130090D3EB /* Release */,
			);
			defaultConfigurationIsVisible = 0;
			defaultConfigurationName = Release;
		};
		3CCB1E0921264D130090D3EB /* Build configuration list for PBXNativeTarget "Tipper" */ = {
			isa = XCConfigurationList;
			buildConfigurations = (
				3CCB1E0A21264D130090D3EB /* Debug */,
				3CCB1E0B21264D130090D3EB /* Release */,
			);
			defaultConfigurationIsVisible = 0;
			defaultConfigurationName = Release;
		};
		3CCB1E0C21264D130090D3EB /* Build configuration list for PBXNativeTarget "TipperTests" */ = {
			isa = XCConfigurationList;
			buildConfigurations = (
				3CCB1E0D21264D130090D3EB /* Debug */,
				3CCB1E0E21264D130090D3EB /* Release */,
			);
			defaultConfigurationIsVisible = 0;
			defaultConfigurationName = Release;
		};
		3CCB1E0F21264D130090D3EB /* Build configuration list for PBXNativeTarget "TipperUITests" */ = {
			isa = XCConfigurationList;
			buildConfigurations = (
				3CCB1E1021264D130090D3EB /* Debug */,
				3CCB1E1121264D130090D3EB /* Release */,
			);
			defaultConfigurationIsVisible = 0;
			defaultConfigurationName = Release;
		};
/* End XCConfigurationList section */
	};
	rootObject = 3CCB1DD921264D110090D3EB /* Project object */;
}
